
Microsoft Visual Studio Solution File, Format Version 12.00
# Visual Studio Version 17
VisualStudioVersion = 17.14.37012.4 d17.14
MinimumVisualStudioVersion = 10.0.40219.1
Project("{FAE04EC0-301F-11D3-BF4B-00C04F79EFBC}") = "TramAnh_WMS", "TramAnh_WMS.csproj", "{23B70802-C72A-4269-865F-B8C349F80480}"
EndProject
Global
	GlobalSection(SolutionConfigurationPlatforms) = preSolution
		Debug|Any CPU = Debug|Any CPU
		Release|Any CPU = Release|Any CPU
	EndGlobalSection
	GlobalSection(ProjectConfigurationPlatforms) = postSolution
		{23B70802-C72A-4269-865F-B8C349F80480}.Debug|Any CPU.ActiveCfg = Debug|Any CPU
		{23B70802-C72A-4269-865F-B8C349F80480}.Debug|Any CPU.Build.0 = Debug|Any CPU
		{23B70802-C72A-4269-865F-B8C349F80480}.Release|Any CPU.ActiveCfg = Release|Any CPU
		{23B70802-C72A-4269-865F-B8C349F80480}.Release|Any CPU.Build.0 = Release|Any CPU
	EndGlobalSection
	GlobalSection(SolutionProperties) = preSolution
		HideSolutionNode = FALSE
	EndGlobalSection
	GlobalSection(ExtensibilityGlobals) = postSolution
		SolutionGuid = {D7285C71-5EBC-46D8-91FC-40F21790BC16}
	EndGlobalSection
EndGlobal
